// !$*UTF8*$!
{
	archiveVersion = 1;
	classes = {
	};
	objectVersion = 46;
	objects = {

/* Begin PBXBuildFile section */
		23ED357B1F4B2A88002BE292 /* AppDelegate.swift in Sources */ = {isa = PBXBuildFile; fileRef = 23ED357A1F4B2A88002BE292 /* AppDelegate.swift */; };
		23ED357D1F4B2A88002BE292 /* ViewController.swift in Sources */ = {isa = PBXBuildFile; fileRef = 23ED357C1F4B2A88002BE292 /* ViewController.swift */; };
		23ED35801F4B2A88002BE292 /* Main.storyboard in Resources */ = {isa = PBXBuildFile; fileRef = 23ED357E1F4B2A88002BE292 /* Main.storyboard */; };
		23ED35831F4B2A88002BE292 /* HitList.xcdatamodeld in Sources */ = {isa = PBXBuildFile; fileRef = 23ED35811F4B2A88002BE292 /* HitList.xcdatamodeld */; };
		23ED35851F4B2A88002BE292 /* Assets.xcassets in Resources */ = {isa = PBXBuildFile; fileRef = 23ED35841F4B2A88002BE292 /* Assets.xcassets */; };
		23ED35881F4B2A88002BE292 /* LaunchScreen.storyboard in Resources */ = {isa = PBXBuildFile; fileRef = 23ED35861F4B2A88002BE292 /* LaunchScreen.storyboard */; };
/* End PBXBuildFile section */

/* Begin PBXFileReference section */
		23ED35771F4B2A88002BE292 /* HitList.app */ = {isa = PBXFileReference; explicitFileType = wrapper.application; includeInIndex = 0; path = HitList.app; sourceTree = BUILT_PRODUCTS_DIR; };
		23ED357A1F4B2A88002BE292 /* AppDelegate.swift */ = {isa = PBXFileReference; lastKnownFileType = sourcecode.swift; path = AppDelegate.swift; sourceTree = "<group>"; };
		23ED357C1F4B2A88002BE292 /* ViewController.swift */ = {isa = PBXFileReference; lastKnownFileType = sourcecode.swift; path = ViewController.swift; sourceTree = "<group>"; };
		23ED357F1F4B2A88002BE292 /* Base */ = {isa = PBXFileReference; lastKnownFileType = file.storyboard; name = Base; path = Base.lproj/Main.storyboard; sourceTree = "<group>"; };
		23ED35821F4B2A88002BE292 /* HitList.xcdatamodel */ = {isa = PBXFileReference; lastKnownFileType = wrapper.xcdatamodel; path = HitList.xcdatamodel; sourceTree = "<group>"; };
		23ED35841F4B2A88002BE292 /* Assets.xcassets */ = {isa = PBXFileReference; lastKnownFileType = folder.assetcatalog; path = Assets.xcassets; sourceTree = "<group>"; };
		23ED35871F4B2A88002BE292 /* Base */ = {isa = PBXFileReference; lastKnownFileType = file.storyboard; name = Base; path = Base.lproj/LaunchScreen.storyboard; sourceTree = "<group>"; };
		23ED35891F4B2A88002BE292 /* Info.plist */ = {isa = PBXFileReference; lastKnownFileType = text.plist.xml; path = Info.plist; sourceTree = "<group>"; };
/* End PBXFileReference section */

/* Begin PBXFrameworksBuildPhase section */
		23ED35741F4B2A88002BE292 /* Frameworks */ = {
			isa = PBXFrameworksBuildPhase;
			buildActionMask = 2147483647;
			files = (
			);
			runOnlyForDeploymentPostprocessing = 0;
		};
/* End PBXFrameworksBuildPhase section */

/* Begin PBXGroup section */
		23ED356E1F4B2A88002BE292 = {
			isa = PBXGroup;
			children = (
				23ED35791F4B2A88002BE292 /* HitList */,
				23ED35781F4B2A88002BE292 /* Products */,
			);
			sourceTree = "<group>";
		};
		23ED35781F4B2A88002BE292 /* Products */ = {
			isa = PBXGroup;
			children = (
				23ED35771F4B2A88002BE292 /* HitList.app */,
			);
			name = Products;
			sourceTree = "<group>";
		};
		23ED35791F4B2A88002BE292 /* HitList */ = {
			isa = PBXGroup;
			children = (
				23ED357A1F4B2A88002BE292 /* AppDelegate.swift */,
				23ED357C1F4B2A88002BE292 /* ViewController.swift */,
				23ED357E1F4B2A88002BE292 /* Main.storyboard */,
				23ED35841F4B2A88002BE292 /* Assets.xcassets */,
				23ED35861F4B2A88002BE292 /* LaunchScreen.storyboard */,
				23ED35891F4B2A88002BE292 /* Info.plist */,
				23ED35811F4B2A88002BE292 /* HitList.xcdatamodeld */,
			);
			path = HitList;
			sourceTree = "<group>";
		};
/* End PBXGroup section */

/* Begin PBXNativeTarget section */
		23ED35761F4B2A88002BE292 /* HitList */ = {
			isa = PBXNativeTarget;
			buildConfigurationList = 23ED358C1F4B2A88002BE292 /* Build configuration list for PBXNativeTarget "HitList" */;
			buildPhases = (
				23ED35731F4B2A88002BE292 /* Sources */,
				23ED35741F4B2A88002BE292 /* Frameworks */,
				23ED35751F4B2A88002BE292 /* Resources */,
			);
			buildRules = (
			);
			dependencies = (
			);
			name = HitList;
			productName = HitList;
			productReference = 23ED35771F4B2A88002BE292 /* HitList.app */;
			productType = "com.apple.product-type.application";
		};
/* End PBXNativeTarget section */

/* Begin PBXProject section */
		23ED356F1F4B2A88002BE292 /* Project object */ = {
			isa = PBXProject;
			attributes = {
				LastSwiftUpdateCheck = 0830;
				LastUpgradeCheck = 0830;
				ORGANIZATIONNAME = "Elshan Siradjov";
				TargetAttributes = {
					23ED35761F4B2A88002BE292 = {
						CreatedOnToolsVersion = 8.3.3;
						DevelopmentTeam = C2XZ33YYQ2;
						ProvisioningStyle = Automatic;
					};
				};
			};
			buildConfigurationList = 23ED35721F4B2A88002BE292 /* Build configuration list for PBXProject "HitList" */;
			compatibilityVersion = "Xcode 3.2";
			developmentRegion = English;
			hasScannedForEncodings = 0;
			knownRegions = (
				en,
				Base,
			);
			mainGroup = 23ED356E1F4B2A88002BE292;
			productRefGroup = 23ED35781F4B2A88002BE292 /* Products */;
			projectDirPath = "";
			projectRoot = "";
			targets = (
				23ED35761F4B2A88002BE292 /* HitList */,
			);
		};
/* End PBXProject section */

/* Begin PBXResourcesBuildPhase section */
		23ED35751F4B2A88002BE292 /* Resources */ = {
			isa = PBXResourcesBuildPhase;
			buildActionMask = 2147483647;
			files = (
				23ED35881F4B2A88002BE292 /* LaunchScreen.storyboard in Resources */,
				23ED35851F4B2A88002BE292 /* Assets.xcassets in Resources */,
				23ED35801F4B2A88002BE292 /* Main.storyboard in Resources */,
			);
			runOnlyForDeploymentPostprocessing = 0;
		};
/* End PBXResourcesBuildPhase section */

/* Begin PBXSourcesBuildPhase section */
		23ED35731F4B2A88002BE292 /* Sources */ = {
			isa = PBXSourcesBuildPhase;
			buildActionMask = 2147483647;
			files = (
				23ED35831F4B2A88002BE292 /* HitList.xcdatamodeld in Sources */,
				23ED357D1F4B2A88002BE292 /* ViewController.swift in Sources */,
				23ED357B1F4B2A88002BE292 /* AppDelegate.swift in Sources */,
			);
			runOnlyForDeploymentPostprocessing = 0;
		};
/* End PBXSourcesBuildPhase section */

/* Begin PBXVariantGroup section */
		23ED357E1F4B2A88002BE292 /* Main.storyboard */ = {
			isa = PBXVariantGroup;
			children = (
				23ED357F1F4B2A88002BE292 /* Base */,
			);
			name = Main.storyboard;
			sourceTree = "<group>";
		};
		23ED35861F4B2A88002BE292 /* LaunchScreen.storyboard */ = {
			isa = PBXVariantGroup;
			children = (
				23ED35871F4B2A88002BE292 /* Base */,
			);
			name = LaunchScreen.storyboard;
			sourceTree = "<group>";
		};
/* End PBXVariantGroup section */

/* Begin XCBuildConfiguration section */
		23ED358A1F4B2A88002BE292 /* Debug */ = {
			isa = XCBuildConfiguration;
			buildSettings = {
				ALWAYS_SEARCH_USER_PATHS = NO;
				CLANG_ANALYZER_NONNULL = YES;
				CLANG_ANALYZER_NUMBER_OBJECT_CONVERSION = YES_AGGRESSIVE;
				CLANG_CXX_LANGUAGE_STANDARD = "gnu++0x";
				CLANG_CXX_LIBRARY = "libc++";
				CLANG_ENABLE_MODULES = YES;
				CLANG_ENABLE_OBJC_ARC = YES;
				CLANG_WARN_BOOL_CONVERSION = YES;
				CLANG_WARN_CONSTANT_CONVERSION = YES;
				CLANG_WARN_DIRECT_OBJC_ISA_USAGE = YES_ERROR;
				CLANG_WARN_DOCUMENTATION_COMMENTS = YES;
				CLANG_WARN_EMPTY_BODY = YES;
				CLANG_WARN_ENUM_CONVERSION = YES;
				CLANG_WARN_INFINITE_RECURSION = YES;
				CLANG_WARN_INT_CONVERSION = YES;
				CLANG_WARN_OBJC_ROOT_CLASS = YES_ERROR;
				CLANG_WARN_SUSPICIOUS_MOVE = YES;
				CLANG_WARN_UNREACHABLE_CODE = YES;
				CLANG_WARN__DUPLICATE_METHOD_MATCH = YES;
				"CODE_SIGN_IDENTITY[sdk=iphoneos*]" = "iPhone Developer";
				COPY_PHASE_STRIP = NO;
				DEBUG_INFORMATION_FORMAT = dwarf;
				ENABLE_STRICT_OBJC_MSGSEND = YES;
				ENABLE_TESTABILITY = YES;
				GCC_C_LANGUAGE_STANDARD = gnu99;
				GCC_DYNAMIC_NO_PIC = NO;
				GCC_NO_COMMON_BLOCKS = YES;
				GCC_OPTIMIZATION_LEVEL = 0;
				GCC_PREPROCESSOR_DEFINITIONS = (
					"DEBUG=1",
					"$(inherited)",
				);
				GCC_WARN_64_TO_32_BIT_CONVERSION = YES;
				GCC_WARN_ABOUT_RETURN_TYPE = YES_ERROR;
				GCC_WARN_UNDECLARED_SELECTOR = YES;
				GCC_WARN_UNINITIALIZED_AUTOS = YES_AGGRESSIVE;
				GCC_WARN_UNUSED_FUNCTION = YES;
				GCC_WARN_UNUSED_VARIABLE = YES;
				IPHONEOS_DEPLOYMENT_TARGET = 10.3;
				MTL_ENABLE_DEBUG_INFO = YES;
				ONLY_ACTIVE_ARCH = YES;
				SDKROOT = iphoneos;
				SWIFT_ACTIVE_COMPILATION_CONDITIONS = DEBUG;
				SWIFT_OPTIMIZATION_LEVEL = "-Onone";
				TARGETED_DEVICE_FAMILY = "1,2";
			};
			name = Debug;
		};
		23ED358B1F4B2A88002BE292 /* Release */ = {
			isa = XCBuildConfiguration;
			buildSettings = {
				ALWAYS_SEARCH_USER_PATHS = NO;
				CLANG_ANALYZER_NONNULL = YES;
				CLANG_ANALYZER_NUMBER_OBJECT_CONVERSION = YES_AGGRESSIVE;
				CLANG_CXX_LANGUAGE_STANDARD = "gnu++0x";
				CLANG_CXX_LIBRARY = "libc++";
				CLANG_ENABLE_MODULES = YES;
				CLANG_ENABLE_OBJC_ARC = YES;
				CLANG_WARN_BOOL_CONVERSION = YES;
				CLANG_WARN_CONSTANT_CONVERSION = YES;
				CLANG_WARN_DIRECT_OBJC_ISA_USAGE = YES_ERROR;
				CLANG_WARN_DOCUMENTATION_COMMENTS = YES;
				CLANG_WARN_EMPTY_BODY = YES;
				CLANG_WARN_ENUM_CONVERSION = YES;
				CLANG_WARN_INFINITE_RECURSION = YES;
				CLANG_WARN_INT_CONVERSION = YES;
				CLANG_WARN_OBJC_ROOT_CLASS = YES_ERROR;
				CLANG_WARN_SUSPICIOUS_MOVE = YES;
				CLANG_WARN_UNREACHABLE_CODE = YES;
				CLANG_WARN__DUPLICATE_METHOD_MATCH = YES;
				"CODE_SIGN_IDENTITY[sdk=iphoneos*]" = "iPhone Developer";
				COPY_PHASE_STRIP = NO;
				DEBUG_INFORMATION_FORMAT = "dwarf-with-dsym";
				ENABLE_NS_ASSERTIONS = NO;
				ENABLE_STRICT_OBJC_MSGSEND = YES;
				GCC_C_LANGUAGE_STANDARD = gnu99;
				GCC_NO_COMMON_BLOCKS = YES;
				GCC_WARN_64_TO_32_BIT_CONVERSION = YES;
				GCC_WARN_ABOUT_RETURN_TYPE = YES_ERROR;
				GCC_WARN_UNDECLARED_SELECTOR = YES;
				GCC_WARN_UNINITIALIZED_AUTOS = YES_AGGRESSIVE;
				GCC_WARN_UNUSED_FUNCTION = YES;
				GCC_WARN_UNUSED_VARIABLE = YES;
				IPHONEOS_DEPLOYMENT_TARGET = 10.3;
				MTL_ENABLE_DEBUG_INFO = NO;
				SDKROOT = iphoneos;
				SWIFT_OPTIMIZATION_LEVEL = "-Owholemodule";
				TARGETED_DEVICE_FAMILY = "1,2";
				VALIDATE_PRODUCT = YES;
			};
			name = Release;
		};
		23ED358D1F4B2A88002BE292 /* Debug */ = {
			isa = XCBuildConfiguration;
			buildSettings = {
				ASSETCATALOG_COMPILER_APPICON_NAME = AppIcon;
				DEVELOPMENT_TEAM = C2XZ33YYQ2;
				INFOPLIST_FILE = HitList/Info.plist;
				IPHONEOS_DEPLOYMENT_TARGET = 10.2;
				LD_RUNPATH_SEARCH_PATHS = "$(inherited) @executable_path/Frameworks";
				PRODUCT_BUNDLE_IDENTIFIER = edu.self.HitList;
				PRODUCT_NAME = "$(TARGET_NAME)";
				SWIFT_VERSION = 3.0;
			};
			name = Debug;
		};
		23ED358E1F4B2A88002BE292 /* Release */ = {
			isa = XCBuildConfiguration;
			buildSettings = {
				ASSETCATALOG_COMPILER_APPICON_NAME = AppIcon;
				DEVELOPMENT_TEAM = C2XZ33YYQ2;
				INFOPLIST_FILE = HitList/Info.plist;
				IPHONEOS_DEPLOYMENT_TARGET = 10.2;
				LD_RUNPATH_SEARCH_PATHS = "$(inherited) @executable_path/Frameworks";
				PRODUCT_BUNDLE_IDENTIFIER = edu.self.HitList;
				PRODUCT_NAME = "$(TARGET_NAME)";
				SWIFT_VERSION = 3.0;
			};
			name = Release;
		};
/* End XCBuildConfiguration section */

/* Begin XCConfigurationList section */
		23ED35721F4B2A88002BE292 /* Build configuration list for PBXProject "HitList" */ = {
			isa = XCConfigurationList;
			buildConfigurations = (
				23ED358A1F4B2A88002BE292 /* Debug */,
				23ED358B1F4B2A88002BE292 /* Release */,
			);
			defaultConfigurationIsVisible = 0;
			defaultConfigurationName = Release;
		};
		23ED358C1F4B2A88002BE292 /* Build configuration list for PBXNativeTarget "HitList" */ = {
			isa = XCConfigurationList;
			buildConfigurations = (
				23ED358D1F4B2A88002BE292 /* Debug */,
				23ED358E1F4B2A88002BE292 /* Release */,
			);
			defaultConfigurationIsVisible = 0;
		};
/* End XCConfigurationList section */

/* Begin XCVersionGroup section */
		23ED35811F4B2A88002BE292 /* HitList.xcdatamodeld */ = {
			isa = XCVersionGroup;
			children = (
				23ED35821F4B2A88002BE292 /* HitList.xcdatamodel */,
			);
			currentVersion = 23ED35821F4B2A88002BE292 /* HitList.xcdatamodel */;
			path = HitList.xcdatamodeld;
			sourceTree = "<group>";
			versionGroupType = wrapper.xcdatamodel;
		};
/* End XCVersionGroup section */
	};
	rootObject = 23ED356F1F4B2A88002BE292 /* Project object */;
}
